
Microsoft Visual Studio Solution File, Format Version 12.00
Project("{FAE04EC0-301F-11D3-BF4B-00C04F79EFBC}") = "Movies.Api", "Movies.Api\Movies.Api.csproj", "{A6F6EE72-AF5F-441B-8796-2C2EE0663E80}"
EndProject
Project("{FAE04EC0-301F-11D3-BF4B-00C04F79EFBC}") = "Movies.Application", "Movies.Application\Movies.Application.csproj", "{A26BB905-B032-4064-9E87-76B26F88A07C}"
EndProject
Project("{FAE04EC0-301F-11D3-BF4B-00C04F79EFBC}") = "Movies.Contracts", "Movies.Contracts\Movies.Contracts.csproj", "{72F66374-D26D-444A-A4B4-AE5E7D86E5F3}"
EndProject
Project("{FAE04EC0-301F-11D3-BF4B-00C04F79EFBC}") = "Movies.Identity", "Movies.Identity\Movies.Identity.csproj", "{44FD1694-9FB3-4DEB-8B08-D6A0100741ED}"
EndProject
Project("{FAE04EC0-301F-11D3-BF4B-00C04F79EFBC}") = "Movies.Api.Sdk", "Movies.Api.Sdk\Movies.Api.Sdk.csproj", "{BD4CD95F-EF7E-4D3F-817F-89F9ADD3F878}"
EndProject
Project("{FAE04EC0-301F-11D3-BF4B-00C04F79EFBC}") = "Movies.Api.Sdk.Consumer", "Movies.Api.Sdk.Consumer\Movies.Api.Sdk.Consumer.csproj", "{C562A2F1-9974-4446-B8A3-C70AC9BF2A82}"
EndProject
Global
	GlobalSection(SolutionConfigurationPlatforms) = preSolution
		Debug|Any CPU = Debug|Any CPU
		Release|Any CPU = Release|Any CPU
	EndGlobalSection
	GlobalSection(ProjectConfigurationPlatforms) = postSolution
		{A6F6EE72-AF5F-441B-8796-2C2EE0663E80}.Debug|Any CPU.ActiveCfg = Debug|Any CPU
		{A6F6EE72-AF5F-441B-8796-2C2EE0663E80}.Debug|Any CPU.Build.0 = Debug|Any CPU
		{A6F6EE72-AF5F-441B-8796-2C2EE0663E80}.Release|Any CPU.ActiveCfg = Release|Any CPU
		{A6F6EE72-AF5F-441B-8796-2C2EE0663E80}.Release|Any CPU.Build.0 = Release|Any CPU
		{A26BB905-B032-4064-9E87-76B26F88A07C}.Debug|Any CPU.ActiveCfg = Debug|Any CPU
		{A26BB905-B032-4064-9E87-76B26F88A07C}.Debug|Any CPU.Build.0 = Debug|Any CPU
		{A26BB905-B032-4064-9E87-76B26F88A07C}.Release|Any CPU.ActiveCfg = Release|Any CPU
		{A26BB905-B032-4064-9E87-76B26F88A07C}.Release|Any CPU.Build.0 = Release|Any CPU
		{72F66374-D26D-444A-A4B4-AE5E7D86E5F3}.Debug|Any CPU.ActiveCfg = Debug|Any CPU
		{72F66374-D26D-444A-A4B4-AE5E7D86E5F3}.Debug|Any CPU.Build.0 = Debug|Any CPU
		{72F66374-D26D-444A-A4B4-AE5E7D86E5F3}.Release|Any CPU.ActiveCfg = Release|Any CPU
		{72F66374-D26D-444A-A4B4-AE5E7D86E5F3}.Release|Any CPU.Build.0 = Release|Any CPU
		{44FD1694-9FB3-4DEB-8B08-D6A0100741ED}.Debug|Any CPU.ActiveCfg = Debug|Any CPU
		{44FD1694-9FB3-4DEB-8B08-D6A0100741ED}.Debug|Any CPU.Build.0 = Debug|Any CPU
		{44FD1694-9FB3-4DEB-8B08-D6A0100741ED}.Release|Any CPU.ActiveCfg = Release|Any CPU
		{44FD1694-9FB3-4DEB-8B08-D6A0100741ED}.Release|Any CPU.Build.0 = Release|Any CPU
		{BD4CD95F-EF7E-4D3F-817F-89F9ADD3F878}.Debug|Any CPU.ActiveCfg = Debug|Any CPU
		{BD4CD95F-EF7E-4D3F-817F-89F9ADD3F878}.Debug|Any CPU.Build.0 = Debug|Any CPU
		{BD4CD95F-EF7E-4D3F-817F-89F9ADD3F878}.Release|Any CPU.ActiveCfg = Release|Any CPU
		{BD4CD95F-EF7E-4D3F-817F-89F9ADD3F878}.Release|Any CPU.Build.0 = Release|Any CPU
		{C562A2F1-9974-4446-B8A3-C70AC9BF2A82}.Debug|Any CPU.ActiveCfg = Debug|Any CPU
		{C562A2F1-9974-4446-B8A3-C70AC9BF2A82}.Debug|Any CPU.Build.0 = Debug|Any CPU
		{C562A2F1-9974-4446-B8A3-C70AC9BF2A82}.Release|Any CPU.ActiveCfg = Release|Any CPU
		{C562A2F1-9974-4446-B8A3-C70AC9BF2A82}.Release|Any CPU.Build.0 = Release|Any CPU
	EndGlobalSection
EndGlobal
